
Microsoft Visual Studio Solution File, Format Version 12.00
# Visual Studio Version 17
VisualStudioVersion = 17.9.34728.123
MinimumVisualStudioVersion = 10.0.40219.1
Project("{2150E333-8FDC-42A3-9474-1A3956D46DE8}") = "Kayak.Modules", "Kayak.Modules", "{FC3C840F-D7D9-45A4-8A09-11DC0F099955}"
EndProject
Project("{2150E333-8FDC-42A3-9474-1A3956D46DE8}") = "Kayak.IModuleServices", "Kayak.IModuleServices", "{4FC046CF-8B05-49BE-881E-DED7AD30C599}"
EndProject
Project("{2150E333-8FDC-42A3-9474-1A3956D46DE8}") = "Kayak.Services", "Kayak.Services", "{A95D34CE-92A4-4206-84F6-37647FAB27DD}"
EndProject
Project("{9A19103F-16F7-4668-BE54-9A1E7A4F7556}") = "Kayak.Services.Server", "Kayak.Services\Kayak.Services.Server\Kayak.Services.Server.csproj", "{A77D9CEB-884F-429E-9FCE-35C3B6F7C231}"
EndProject
Project("{2150E333-8FDC-42A3-9474-1A3956D46DE8}") = "Kayak.DataAccess", "Kayak.DataAccess", "{10848AA4-228E-44F3-B9FE-D3B6DAF585B8}"
EndProject
Project("{2150E333-8FDC-42A3-9474-1A3956D46DE8}") = "Kayak.Core", "Kayak.Core", "{5526F98E-4654-4B96-B693-CDBC11A9D200}"
EndProject
Project("{9A19103F-16F7-4668-BE54-9A1E7A4F7556}") = "Kayak.Core.Common", "Kayak.Core\Kayak.Core.Common\Kayak.Core.Common.csproj", "{E62CC696-4AAD-4E96-9F87-2F0FDFC6886C}"
EndProject
Project("{9A19103F-16F7-4668-BE54-9A1E7A4F7556}") = "Kayak.IModuleServices.DeviceManage", "Kayak.IModuleServices\Kayak.IModuleServices.DeviceManage\Kayak.IModuleServices.DeviceManage.csproj", "{15BD9876-2E1C-498B-B284-D0EEF50E40E0}"
EndProject
Project("{9A19103F-16F7-4668-BE54-9A1E7A4F7556}") = "Kayak.Modules.DeviceManage", "Kayak.Modules\Kayak.Modules.DeviceManage\Kayak.Modules.DeviceManage.csproj", "{8564F421-AF4A-4CF4-9873-EDD3FA86119E}"
EndProject
Project("{9A19103F-16F7-4668-BE54-9A1E7A4F7556}") = "Kayak.IModuleServices.System", "Kayak.IModuleServices\Kayak.IModuleServices.System\Kayak.IModuleServices.System.csproj", "{7C06CBC6-C68C-4A3E-B381-7904161FE7B2}"
EndProject
Project("{9A19103F-16F7-4668-BE54-9A1E7A4F7556}") = "Kayak.Modules.System", "Kayak.Modules\Kayak.Modules.System\Kayak.Modules.System.csproj", "{0CB6CFF4-2C1E-4909-96DA-46C9C865AC96}"
EndProject
Project("{9A19103F-16F7-4668-BE54-9A1E7A4F7556}") = "Kayak.IModuleServices.DeviceAccess", "Kayak.IModuleServices\Kayak.IModuleServices.DeviceAccess\Kayak.IModuleServices.DeviceAccess.csproj", "{F2473EBD-BD0E-447C-A6CF-33DCD21BE0A0}"
EndProject
Project("{9A19103F-16F7-4668-BE54-9A1E7A4F7556}") = "Kayak.Modules.DeviceAccess", "Kayak.Modules\Kayak.Modules.DeviceAccess\Kayak.Modules.DeviceAccess.csproj", "{C2876E96-9C9E-4C76-A27C-7123166AABE0}"
EndProject
Project("{2150E333-8FDC-42A3-9474-1A3956D46DE8}") = "Surging", "Surging", "{3981966C-562B-4DF4-BA0D-300BD16CE0D2}"
	ProjectSection(SolutionItems) = preProject
		Kayak.Services\Kayak.Services.Server\kayakSetting.json = Kayak.Services\Kayak.Services.Server\kayakSetting.json
	EndProjectSection
EndProject
Project("{2150E333-8FDC-42A3-9474-1A3956D46DE8}") = "Surging.Core", "Surging.Core", "{F628509D-283A-44C3-8D60-7C423550E723}"
EndProject
Project("{9A19103F-16F7-4668-BE54-9A1E7A4F7556}") = "Surging.Core.CPlatform", "surging\Surging.Core\Surging.Core.CPlatform\Surging.Core.CPlatform.csproj", "{D63B0E88-FE3B-4567-AC97-1AFB466F9185}"
EndProject
Project("{9A19103F-16F7-4668-BE54-9A1E7A4F7556}") = "Surging.Core.DotNetty", "surging\Surging.Core\Surging.Core.DotNetty\Surging.Core.DotNetty.csproj", "{DDE7961A-FC5B-4A12-9C31-FC8B4F6A51DD}"
EndProject
Project("{9A19103F-16F7-4668-BE54-9A1E7A4F7556}") = "Surging.Core.Stage", "surging\Surging.Core\Surging.Core.Stage\Surging.Core.Stage.csproj", "{D502ABDD-F860-45CE-B978-AD22C81C54D2}"
EndProject
Project("{9A19103F-16F7-4668-BE54-9A1E7A4F7556}") = "Surging.Core.Swagger_V5", "surging\Surging.Core\Surging.Core.Swagger_V5\Surging.Core.Swagger_V5.csproj", "{0AB6E5B1-7909-4D0F-9D3C-B73BF90DF2F2}"
EndProject
Project("{9A19103F-16F7-4668-BE54-9A1E7A4F7556}") = "Surging.Core.Caching", "surging\Surging.Core\Surging.Core.Caching\Surging.Core.Caching.csproj", "{B5CEF173-9AD8-41B1-B78B-18775171D79B}"
EndProject
Project("{9A19103F-16F7-4668-BE54-9A1E7A4F7556}") = "Surging.Core.Codec.MessagePack", "surging\Surging.Core\Surging.Core.Codec.MessagePack\Surging.Core.Codec.MessagePack.csproj", "{E0DBF645-E675-479D-A7B6-42D7EA3678E0}"
EndProject
Project("{9A19103F-16F7-4668-BE54-9A1E7A4F7556}") = "Surging.Core.Consul", "surging\Surging.Core\Surging.Core.Consul\Surging.Core.Consul.csproj", "{F5D53C15-7F33-47FA-BFDD-EE87A429A381}"
EndProject
Project("{9A19103F-16F7-4668-BE54-9A1E7A4F7556}") = "Surging.Core.EventBusKafka", "surging\Surging.Core\Surging.Core.EventBusKafka\Surging.Core.EventBusKafka.csproj", "{816BEF32-10BD-40C3-94E4-37AE2F861FE6}"
EndProject
Project("{9A19103F-16F7-4668-BE54-9A1E7A4F7556}") = "Surging.Core.EventBusRabbitMQ", "surging\Surging.Core\Surging.Core.EventBusRabbitMQ\Surging.Core.EventBusRabbitMQ.csproj", "{47888F16-9CAB-4646-8946-775B2D2BF1C5}"
EndProject
Project("{9A19103F-16F7-4668-BE54-9A1E7A4F7556}") = "Surging.Core.Codec.ProtoBuffer", "surging\Surging.Core\Surging.Core.Codec.ProtoBuffer\Surging.Core.Codec.ProtoBuffer.csproj", "{B2362A23-1A0B-4454-92B3-F610D345C61F}"
EndProject
Project("{9A19103F-16F7-4668-BE54-9A1E7A4F7556}") = "Surging.Core.DNS", "surging\Surging.Core\Surging.Core.DNS\Surging.Core.DNS.csproj", "{B8876930-B0C4-4AA5-ADB6-FE9DB4B8FF13}"
EndProject
Project("{9A19103F-16F7-4668-BE54-9A1E7A4F7556}") = "Surging.Core.DotNettyWSServer", "surging\Surging.Core\Surging.Core.DotNettyWSServer\Surging.Core.DotNettyWSServer.csproj", "{D2B97FBD-4DBB-44DE-8BA2-E8A7796BD603}"
EndProject
Project("{9A19103F-16F7-4668-BE54-9A1E7A4F7556}") = "Surging.Core.Grpc", "surging\Surging.Core\Surging.Core.Grpc\Surging.Core.Grpc.csproj", "{7AE98C5A-71B1-4952-9D40-D842D6D1FC90}"
EndProject
Project("{9A19103F-16F7-4668-BE54-9A1E7A4F7556}") = "Surging.Core.Kestrel.Log4net", "surging\Surging.Core\Surging.Core.Kestrel.Log4net\Surging.Core.Kestrel.Log4net.csproj", "{DEDC837A-B055-433B-8CB2-4FBA021B3698}"
EndProject
Project("{9A19103F-16F7-4668-BE54-9A1E7A4F7556}") = "Surging.Core.Kestrel.Nlog", "surging\Surging.Core\Surging.Core.Kestrel.Nlog\Surging.Core.Kestrel.Nlog.csproj", "{54B26B58-A1FD-4314-81E1-B48CB6F0439F}"
EndProject
Project("{9A19103F-16F7-4668-BE54-9A1E7A4F7556}") = "Surging.Core.KestrelHttpServer", "surging\Surging.Core\Surging.Core.KestrelHttpServer\Surging.Core.KestrelHttpServer.csproj", "{591C4251-02CE-4658-A99C-471A1E0E1989}"
EndProject
Project("{9A19103F-16F7-4668-BE54-9A1E7A4F7556}") = "Surging.Core.Log4net", "surging\Surging.Core\Surging.Core.Log4net\Surging.Core.Log4net.csproj", "{2D273B5F-017B-4B00-AB40-B6FCB5FC8F31}"
EndProject
Project("{9A19103F-16F7-4668-BE54-9A1E7A4F7556}") = "Surging.Core.Nlog", "surging\Surging.Core\Surging.Core.NLog\Surging.Core.Nlog.csproj", "{72042AD7-1B5D-4FE1-A703-41F979F04394}"
EndProject
Project("{9A19103F-16F7-4668-BE54-9A1E7A4F7556}") = "Surging.Core.Protocol.Http", "surging\Surging.Core\Surging.Core.Protocol.Http\Surging.Core.Protocol.Http.csproj", "{F1B98841-1E7E-4823-B56C-E44D7374BBF8}"
EndProject
Project("{9A19103F-16F7-4668-BE54-9A1E7A4F7556}") = "Surging.Core.Protocol.Mqtt", "surging\Surging.Core\Surging.Core.Protocol.Mqtt\Surging.Core.Protocol.Mqtt.csproj", "{646E4201-7E18-4436-82A7-C05EDFC9D4C9}"
EndProject
Project("{9A19103F-16F7-4668-BE54-9A1E7A4F7556}") = "Surging.Core.Protocol.Tcp", "surging\Surging.Core\Surging.Core.Protocol.Tcp\Surging.Core.Protocol.Tcp.csproj", "{14EF478C-7D4C-46A3-B166-B4EA537E2909}"
EndProject
Project("{9A19103F-16F7-4668-BE54-9A1E7A4F7556}") = "Surging.Core.Protocol.Udp", "surging\Surging.Core\Surging.Core.Protocol.Udp\Surging.Core.Protocol.Udp.csproj", "{7001423E-E2B1-4851-8167-F2F161C576A1}"
EndProject
Project("{9A19103F-16F7-4668-BE54-9A1E7A4F7556}") = "Surging.Core.Protocol.WebService", "surging\Surging.Core\Surging.Core.Protocol.WebService\Surging.Core.Protocol.WebService.csproj", "{35E7E788-865F-404C-8691-71EBD80EEF05}"
EndProject
Project("{9A19103F-16F7-4668-BE54-9A1E7A4F7556}") = "Surging.Core.Protocol.WS", "surging\Surging.Core\Surging.Core.Protocol.WS\Surging.Core.Protocol.WS.csproj", "{13E234B3-DEB2-4E84-B3C2-4AE8E3FE0AEC}"
EndProject
Project("{9A19103F-16F7-4668-BE54-9A1E7A4F7556}") = "Surging.Core.ProxyGenerator", "surging\Surging.Core\Surging.Core.ProxyGenerator\Surging.Core.ProxyGenerator.csproj", "{BE1B822E-E008-477C-A48A-B50600CB9318}"
EndProject
Project("{9A19103F-16F7-4668-BE54-9A1E7A4F7556}") = "Surging.Core.Serilog", "surging\Surging.Core\Surging.Core.Serilog\Surging.Core.Serilog.csproj", "{F05585E7-6CCA-4C75-8CF4-33AE75A89814}"
EndProject
Project("{9A19103F-16F7-4668-BE54-9A1E7A4F7556}") = "Surging.Core.ServiceHosting", "surging\Surging.Core\Surging.Core.ServiceHosting\Surging.Core.ServiceHosting.csproj", "{C4BF31B2-D5BE-476A-BA2F-8F80D139DD13}"
EndProject
Project("{9A19103F-16F7-4668-BE54-9A1E7A4F7556}") = "Surging.Core.ServiceHosting.Extensions", "surging\Surging.Core\Surging.Core.ServiceHosting.Extensions\Surging.Core.ServiceHosting.Extensions.csproj", "{F1CC823B-155E-4FE8-9DCE-37AD81555FA4}"
EndProject
Project("{9A19103F-16F7-4668-BE54-9A1E7A4F7556}") = "Surging.Core.System", "surging\Surging.Core\Surging.Core.System\Surging.Core.System.csproj", "{B9475357-796E-46A2-8636-5BC59608FE75}"
EndProject
Project("{9A19103F-16F7-4668-BE54-9A1E7A4F7556}") = "Surging.Core.Thrift", "surging\Surging.Core\Surging.Core.Thrift\Surging.Core.Thrift.csproj", "{67C81231-9016-4B49-AC30-B1706D3AEB9A}"
EndProject
Project("{9A19103F-16F7-4668-BE54-9A1E7A4F7556}") = "Surging.Core.Zookeeper", "surging\Surging.Core\Surging.Core.Zookeeper\Surging.Core.Zookeeper.csproj", "{505B713B-B0E7-4D94-B361-47805D1C1F49}"
EndProject
Project("{2150E333-8FDC-42A3-9474-1A3956D46DE8}") = "Surging.Apm", "Surging.Apm", "{4021C172-1350-4018-8B3A-40FE703B5449}"
EndProject
Project("{2150E333-8FDC-42A3-9474-1A3956D46DE8}") = "SkyApm", "SkyApm", "{89A1CAA9-05BA-4473-8E7C-4777531CBCFD}"
EndProject
Project("{9A19103F-16F7-4668-BE54-9A1E7A4F7556}") = "Surging.Apm.Skywalking", "surging\Surging.Apm\SkyApm\Surging.Apm.Skywalking\Surging.Apm.Skywalking.csproj", "{43E16064-C4AF-4A03-9712-C3BDB5459249}"
EndProject
Project("{9A19103F-16F7-4668-BE54-9A1E7A4F7556}") = "SkyApm.Transport.Grpc.Protocol", "surging\Surging.Apm\SkyApm\SkyApm.Transport.Grpc.Protocol\SkyApm.Transport.Grpc.Protocol.csproj", "{0CD71ADD-B890-446E-8C3D-B2D29F980A3D}"
EndProject
Project("{2150E333-8FDC-42A3-9474-1A3956D46DE8}") = "WebSocket", "WebSocket", "{5D1E9822-EA95-4643-967A-80AA229CE766}"
EndProject
Project("{9A19103F-16F7-4668-BE54-9A1E7A4F7556}") = "WebSocketCore", "surging\WebSocket\WebSocketCore\WebSocketCore.csproj", "{B51E030E-7A5A-42C4-B9BB-FD28AEFFDB8B}"
EndProject
Project("{9A19103F-16F7-4668-BE54-9A1E7A4F7556}") = "Surging.Core.Configuration.Apollo", "surging\Surging.Core\Surging.Core.Configuration.Apollo\Surging.Core.Configuration.Apollo.csproj", "{60632018-5A07-44C6-9750-5E9B724F7ADE}"
EndProject
Project("{9A19103F-16F7-4668-BE54-9A1E7A4F7556}") = "Surging.Core.ApiGateWay", "surging\Surging.Core\Surging.Core.ApiGateWay\Surging.Core.ApiGateWay.csproj", "{BEF1204A-1301-4BB3-AED7-061E21728777}"
EndProject
Project("{2150E333-8FDC-42A3-9474-1A3956D46DE8}") = "DotNetty.Codecs", "DotNetty.Codecs", "{B575DEB2-AF98-489C-8340-905D31622E6D}"
EndProject
Project("{9A19103F-16F7-4668-BE54-9A1E7A4F7556}") = "DotNetty.Codecs.DNS", "surging\DotNetty.Codecs\DotNetty.Codecs.DNS\DotNetty.Codecs.DNS.csproj", "{48EC5094-3EF0-40AF-B945-5A7433CC3FDF}"
EndProject
Project("{9A19103F-16F7-4668-BE54-9A1E7A4F7556}") = "Surging.Core.Common", "surging\Surging.Core\Surging.Core.Common\Surging.Core.Common.csproj", "{323E2700-E9A4-4B0B-8D43-C5F3F98CFC80}"
EndProject
Project("{9A19103F-16F7-4668-BE54-9A1E7A4F7556}") = "Kayak.DataAccess.DeviceData", "Kayak.DataAccess\Kayak.DataAccess.DeviceData\Kayak.DataAccess.DeviceData.csproj", "{39CA6154-5796-4131-910F-EF2DC9CA85CA}"
EndProject
Project("{2150E333-8FDC-42A3-9474-1A3956D46DE8}") = "Kayak.IModuleServices.Aggregation", "Kayak.IModuleServices.Aggregation", "{057A26EC-BDF8-4114-A06B-6079E3D7D110}"
EndProject
Project("{9A19103F-16F7-4668-BE54-9A1E7A4F7556}") = "Kayak.IModuleServices.Aggregation.DeviceManage", "Kayak.IModuleServices\Kayak.IModuleServices.Aggregation\Kayak.IModuleServices.Aggregation.DeviceManage\Kayak.IModuleServices.Aggregation.DeviceManage.csproj", "{92BFDA37-5DF1-4DBC-99A8-EED2A8E153F8}"
EndProject
Project("{2150E333-8FDC-42A3-9474-1A3956D46DE8}") = "Kayak.Modules.Aggregation", "Kayak.Modules.Aggregation", "{B9AF328A-A517-4EFA-B77B-092F7C2B2242}"
EndProject
Project("{9A19103F-16F7-4668-BE54-9A1E7A4F7556}") = "Kayak.Modules.Aggregation.DeviceManage", "Kayak.Modules\Kayak.Modules.Aggregation\Kayak.Modules.Aggregation.DeviceManage\Kayak.Modules.Aggregation.DeviceManage.csproj", "{BCC6EB9F-D997-49D1-8D3D-4232FC2DACAB}"
EndProject
Project("{9A19103F-16F7-4668-BE54-9A1E7A4F7556}") = "Kayak.IModuleServices.ServiceManage", "Kayak.IModuleServices\Kayak.IModuleServices.ServiceManage\Kayak.IModuleServices.ServiceManage.csproj", "{C4DC2DC4-B95F-4198-BB42-49370F8EFA12}"
EndProject
Project("{9A19103F-16F7-4668-BE54-9A1E7A4F7556}") = "Kayak.Modules.ServiceManage", "Kayak.Modules\Kayak.Modules.ServiceManage\Kayak.Modules.ServiceManage.csproj", "{436F5477-2D42-4EFF-97A7-B0818B97A947}"
EndProject
Project("{9A19103F-16F7-4668-BE54-9A1E7A4F7556}") = "Kayak.IModuleServices.Aggregation.ServiceManage", "Kayak.IModuleServices\Kayak.IModuleServices.Aggregation\Kayak.IModuleServices.Aggregation.ServiceManage\Kayak.IModuleServices.Aggregation.ServiceManage.csproj", "{97F569D9-C3BE-4490-9F06-012ECA0F1578}"
EndProject
Project("{9A19103F-16F7-4668-BE54-9A1E7A4F7556}") = "Kayak.Modules.Aggregation.ServiceManage", "Kayak.Modules\Kayak.Modules.Aggregation\Kayak.Modules.Aggregation.ServiceManage\Kayak.Modules.Aggregation.ServiceManage.csproj", "{7B1F3DF8-30B1-4F41-A842-35757158AC83}"
EndProject
Project("{9A19103F-16F7-4668-BE54-9A1E7A4F7556}") = "Kayak.IModuleServices.Aggregation.DeviceAccess", "Kayak.IModuleServices\Kayak.IModuleServices.Aggregation\Kayak.IModuleServices.Aggregation.DeviceAccess\Kayak.IModuleServices.Aggregation.DeviceAccess.csproj", "{C9C22D74-56B7-45B5-AC7E-1DE8DCD1B823}"
EndProject
Project("{9A19103F-16F7-4668-BE54-9A1E7A4F7556}") = "Kayak.Modules.Aggregation.DeviceAccess", "Kayak.Modules\Kayak.Modules.Aggregation\Kayak.Modules.Aggregation.DeviceAccess\Kayak.Modules.Aggregation.DeviceAccess.csproj", "{C273B4C8-7ACD-458E-BA45-F587AE5E96DD}"
EndProject
Project("{9A19103F-16F7-4668-BE54-9A1E7A4F7556}") = "Kayak.Core.Http", "Kayak.Core\Kayak.Core.Http\Kayak.Core.Http.csproj", "{47AA9374-9CE0-4347-A488-099F0FD7D126}"
EndProject
Project("{9A19103F-16F7-4668-BE54-9A1E7A4F7556}") = "Kayak.IModuleServices.DeviceReport", "Kayak.IModuleServices\Kayak.IModuleServices.DeviceReport\Kayak.IModuleServices.DeviceReport.csproj", "{DB4892F1-164D-461B-95EC-D4453C6B7E55}"
EndProject
Project("{9A19103F-16F7-4668-BE54-9A1E7A4F7556}") = "Kayak.Modules.DeviceReport", "Kayak.Modules\Kayak.Modules.DeviceReport\Kayak.Modules.DeviceReport.csproj", "{E070B963-4FB1-4A32-B8FC-6339B95A00DD}"
EndProject
Project("{9A19103F-16F7-4668-BE54-9A1E7A4F7556}") = "Kayak.IModuleServices.Aggregation.System", "Kayak.IModuleServices\Kayak.IModuleServices.Aggregation\Kayak.IModuleServices.Aggregation.System\Kayak.IModuleServices.Aggregation.System.csproj", "{82691A9D-6C7A-4EEC-B97E-B4915875931E}"
EndProject
Project("{9A19103F-16F7-4668-BE54-9A1E7A4F7556}") = "Kayak.Modules.Aggregation.System", "Kayak.Modules\Kayak.Modules.Aggregation\Kayak.Modules.Aggregation.System\Kayak.Modules.Aggregation.System.csproj", "{7A383AEB-BFCB-42CA-8612-A4C350DB831D}"
EndProject
Project("{9A19103F-16F7-4668-BE54-9A1E7A4F7556}") = "Kayak.Core.Codecs", "Kayak.Core\Kayak.Core.Codecs\Kayak.Core.Codecs.csproj", "{C2E387AE-F7B9-4BE7-9674-DBBD05A40D11}"
EndProject
Project("{9A19103F-16F7-4668-BE54-9A1E7A4F7556}") = "Surging.Core.DeviceGateway", "surging\Surging.Core\Surging.Core.DeviceGateway\Surging.Core.DeviceGateway.csproj", "{4511C943-4B17-4E76-8D1C-C48C949DBFF0}"
EndProject
Project("{2150E333-8FDC-42A3-9474-1A3956D46DE8}") = "CoAP", "CoAP", "{858AC95E-415E-4B57-8275-05F824C86C88}"
EndProject
Project("{9A19103F-16F7-4668-BE54-9A1E7A4F7556}") = "CoAP.NET", "surging\Coap\CoAP.NET\CoAP.NET.csproj", "{EA55E309-ABAA-48ED-A3E6-C1E9A979225F}"
EndProject
Project("{2150E333-8FDC-42A3-9474-1A3956D46DE8}") = "Kayak.TestApi", "Kayak.TestApi", "{729F524A-814C-4152-86B2-F25782166733}"
EndProject
Project("{9A19103F-16F7-4668-BE54-9A1E7A4F7556}") = "Kayak.IModuleServices.TestApi", "Kayak.TestApi\Kayak.IModuleServices.TestApi\Kayak.IModuleServices.TestApi.csproj", "{9D3828D0-134D-4AF0-9C3A-60DA6800764D}"
EndProject
Project("{9A19103F-16F7-4668-BE54-9A1E7A4F7556}") = "Kayak.Modules.TestApi", "Kayak.TestApi\Kayak.Modules.TestApi\Kayak.Modules.TestApi.csproj", "{CE1D7F3B-F367-478F-B494-04DE687DC41F}"
EndProject
Project("{9A19103F-16F7-4668-BE54-9A1E7A4F7556}") = "Surging.Core.Protocol.Coap", "surging\Surging.Core\Surging.Core.Protocol.Coap\Surging.Core.Protocol.Coap.csproj", "{9D0D3D8E-C100-4665-9AAB-A6284862CE80}"
EndProject
Global
	GlobalSection(SolutionConfigurationPlatforms) = preSolution
		Debug|Any CPU = Debug|Any CPU
		Release|Any CPU = Release|Any CPU
	EndGlobalSection
	GlobalSection(ProjectConfigurationPlatforms) = postSolution
		{A77D9CEB-884F-429E-9FCE-35C3B6F7C231}.Debug|Any CPU.ActiveCfg = Debug|Any CPU
		{A77D9CEB-884F-429E-9FCE-35C3B6F7C231}.Debug|Any CPU.Build.0 = Debug|Any CPU
		{A77D9CEB-884F-429E-9FCE-35C3B6F7C231}.Release|Any CPU.ActiveCfg = Release|Any CPU
		{A77D9CEB-884F-429E-9FCE-35C3B6F7C231}.Release|Any CPU.Build.0 = Release|Any CPU
		{E62CC696-4AAD-4E96-9F87-2F0FDFC6886C}.Debug|Any CPU.ActiveCfg = Debug|Any CPU
		{E62CC696-4AAD-4E96-9F87-2F0FDFC6886C}.Debug|Any CPU.Build.0 = Debug|Any CPU
		{E62CC696-4AAD-4E96-9F87-2F0FDFC6886C}.Release|Any CPU.ActiveCfg = Release|Any CPU
		{E62CC696-4AAD-4E96-9F87-2F0FDFC6886C}.Release|Any CPU.Build.0 = Release|Any CPU
		{15BD9876-2E1C-498B-B284-D0EEF50E40E0}.Debug|Any CPU.ActiveCfg = Debug|Any CPU
		{15BD9876-2E1C-498B-B284-D0EEF50E40E0}.Debug|Any CPU.Build.0 = Debug|Any CPU
		{15BD9876-2E1C-498B-B284-D0EEF50E40E0}.Release|Any CPU.ActiveCfg = Release|Any CPU
		{15BD9876-2E1C-498B-B284-D0EEF50E40E0}.Release|Any CPU.Build.0 = Release|Any CPU
		{8564F421-AF4A-4CF4-9873-EDD3FA86119E}.Debug|Any CPU.ActiveCfg = Debug|Any CPU
		{8564F421-AF4A-4CF4-9873-EDD3FA86119E}.Debug|Any CPU.Build.0 = Debug|Any CPU
		{8564F421-AF4A-4CF4-9873-EDD3FA86119E}.Release|Any CPU.ActiveCfg = Release|Any CPU
		{8564F421-AF4A-4CF4-9873-EDD3FA86119E}.Release|Any CPU.Build.0 = Release|Any CPU
		{7C06CBC6-C68C-4A3E-B381-7904161FE7B2}.Debug|Any CPU.ActiveCfg = Debug|Any CPU
		{7C06CBC6-C68C-4A3E-B381-7904161FE7B2}.Debug|Any CPU.Build.0 = Debug|Any CPU
		{7C06CBC6-C68C-4A3E-B381-7904161FE7B2}.Release|Any CPU.ActiveCfg = Release|Any CPU
		{7C06CBC6-C68C-4A3E-B381-7904161FE7B2}.Release|Any CPU.Build.0 = Release|Any CPU
		{0CB6CFF4-2C1E-4909-96DA-46C9C865AC96}.Debug|Any CPU.ActiveCfg = Debug|Any CPU
		{0CB6CFF4-2C1E-4909-96DA-46C9C865AC96}.Debug|Any CPU.Build.0 = Debug|Any CPU
		{0CB6CFF4-2C1E-4909-96DA-46C9C865AC96}.Release|Any CPU.ActiveCfg = Release|Any CPU
		{0CB6CFF4-2C1E-4909-96DA-46C9C865AC96}.Release|Any CPU.Build.0 = Release|Any CPU
		{F2473EBD-BD0E-447C-A6CF-33DCD21BE0A0}.Debug|Any CPU.ActiveCfg = Debug|Any CPU
		{F2473EBD-BD0E-447C-A6CF-33DCD21BE0A0}.Debug|Any CPU.Build.0 = Debug|Any CPU
		{F2473EBD-BD0E-447C-A6CF-33DCD21BE0A0}.Release|Any CPU.ActiveCfg = Release|Any CPU
		{F2473EBD-BD0E-447C-A6CF-33DCD21BE0A0}.Release|Any CPU.Build.0 = Release|Any CPU
		{C2876E96-9C9E-4C76-A27C-7123166AABE0}.Debug|Any CPU.ActiveCfg = Debug|Any CPU
		{C2876E96-9C9E-4C76-A27C-7123166AABE0}.Debug|Any CPU.Build.0 = Debug|Any CPU
		{C2876E96-9C9E-4C76-A27C-7123166AABE0}.Release|Any CPU.ActiveCfg = Release|Any CPU
		{C2876E96-9C9E-4C76-A27C-7123166AABE0}.Release|Any CPU.Build.0 = Release|Any CPU
		{D63B0E88-FE3B-4567-AC97-1AFB466F9185}.Debug|Any CPU.ActiveCfg = Debug|Any CPU
		{D63B0E88-FE3B-4567-AC97-1AFB466F9185}.Debug|Any CPU.Build.0 = Debug|Any CPU
		{D63B0E88-FE3B-4567-AC97-1AFB466F9185}.Release|Any CPU.ActiveCfg = Release|Any CPU
		{D63B0E88-FE3B-4567-AC97-1AFB466F9185}.Release|Any CPU.Build.0 = Release|Any CPU
		{DDE7961A-FC5B-4A12-9C31-FC8B4F6A51DD}.Debug|Any CPU.ActiveCfg = Debug|Any CPU
		{DDE7961A-FC5B-4A12-9C31-FC8B4F6A51DD}.Debug|Any CPU.Build.0 = Debug|Any CPU
		{DDE7961A-FC5B-4A12-9C31-FC8B4F6A51DD}.Release|Any CPU.ActiveCfg = Release|Any CPU
		{DDE7961A-FC5B-4A12-9C31-FC8B4F6A51DD}.Release|Any CPU.Build.0 = Release|Any CPU
		{D502ABDD-F860-45CE-B978-AD22C81C54D2}.Debug|Any CPU.ActiveCfg = Debug|Any CPU
		{D502ABDD-F860-45CE-B978-AD22C81C54D2}.Debug|Any CPU.Build.0 = Debug|Any CPU
		{D502ABDD-F860-45CE-B978-AD22C81C54D2}.Release|Any CPU.ActiveCfg = Release|Any CPU
		{D502ABDD-F860-45CE-B978-AD22C81C54D2}.Release|Any CPU.Build.0 = Release|Any CPU
		{0AB6E5B1-7909-4D0F-9D3C-B73BF90DF2F2}.Debug|Any CPU.ActiveCfg = Debug|Any CPU
		{0AB6E5B1-7909-4D0F-9D3C-B73BF90DF2F2}.Debug|Any CPU.Build.0 = Debug|Any CPU
		{0AB6E5B1-7909-4D0F-9D3C-B73BF90DF2F2}.Release|Any CPU.ActiveCfg = Release|Any CPU
		{0AB6E5B1-7909-4D0F-9D3C-B73BF90DF2F2}.Release|Any CPU.Build.0 = Release|Any CPU
		{B5CEF173-9AD8-41B1-B78B-18775171D79B}.Debug|Any CPU.ActiveCfg = Debug|Any CPU
		{B5CEF173-9AD8-41B1-B78B-18775171D79B}.Debug|Any CPU.Build.0 = Debug|Any CPU
		{B5CEF173-9AD8-41B1-B78B-18775171D79B}.Release|Any CPU.ActiveCfg = Release|Any CPU
		{B5CEF173-9AD8-41B1-B78B-18775171D79B}.Release|Any CPU.Build.0 = Release|Any CPU
		{E0DBF645-E675-479D-A7B6-42D7EA3678E0}.Debug|Any CPU.ActiveCfg = Debug|Any CPU
		{E0DBF645-E675-479D-A7B6-42D7EA3678E0}.Debug|Any CPU.Build.0 = Debug|Any CPU
		{E0DBF645-E675-479D-A7B6-42D7EA3678E0}.Release|Any CPU.ActiveCfg = Release|Any CPU
		{E0DBF645-E675-479D-A7B6-42D7EA3678E0}.Release|Any CPU.Build.0 = Release|Any CPU
		{F5D53C15-7F33-47FA-BFDD-EE87A429A381}.Debug|Any CPU.ActiveCfg = Debug|Any CPU
		{F5D53C15-7F33-47FA-BFDD-EE87A429A381}.Debug|Any CPU.Build.0 = Debug|Any CPU
		{F5D53C15-7F33-47FA-BFDD-EE87A429A381}.Release|Any CPU.ActiveCfg = Release|Any CPU
		{F5D53C15-7F33-47FA-BFDD-EE87A429A381}.Release|Any CPU.Build.0 = Release|Any CPU
		{816BEF32-10BD-40C3-94E4-37AE2F861FE6}.Debug|Any CPU.ActiveCfg = Debug|Any CPU
		{816BEF32-10BD-40C3-94E4-37AE2F861FE6}.Debug|Any CPU.Build.0 = Debug|Any CPU
		{816BEF32-10BD-40C3-94E4-37AE2F861FE6}.Release|Any CPU.ActiveCfg = Release|Any CPU
		{816BEF32-10BD-40C3-94E4-37AE2F861FE6}.Release|Any CPU.Build.0 = Release|Any CPU
		{47888F16-9CAB-4646-8946-775B2D2BF1C5}.Debug|Any CPU.ActiveCfg = Debug|Any CPU
		{47888F16-9CAB-4646-8946-775B2D2BF1C5}.Debug|Any CPU.Build.0 = Debug|Any CPU
		{47888F16-9CAB-4646-8946-775B2D2BF1C5}.Release|Any CPU.ActiveCfg = Release|Any CPU
		{47888F16-9CAB-4646-8946-775B2D2BF1C5}.Release|Any CPU.Build.0 = Release|Any CPU
		{B2362A23-1A0B-4454-92B3-F610D345C61F}.Debug|Any CPU.ActiveCfg = Debug|Any CPU
		{B2362A23-1A0B-4454-92B3-F610D345C61F}.Debug|Any CPU.Build.0 = Debug|Any CPU
		{B2362A23-1A0B-4454-92B3-F610D345C61F}.Release|Any CPU.ActiveCfg = Release|Any CPU
		{B2362A23-1A0B-4454-92B3-F610D345C61F}.Release|Any CPU.Build.0 = Release|Any CPU
		{B8876930-B0C4-4AA5-ADB6-FE9DB4B8FF13}.Debug|Any CPU.ActiveCfg = Debug|Any CPU
		{B8876930-B0C4-4AA5-ADB6-FE9DB4B8FF13}.Debug|Any CPU.Build.0 = Debug|Any CPU
		{B8876930-B0C4-4AA5-ADB6-FE9DB4B8FF13}.Release|Any CPU.ActiveCfg = Release|Any CPU
		{B8876930-B0C4-4AA5-ADB6-FE9DB4B8FF13}.Release|Any CPU.Build.0 = Release|Any CPU
		{D2B97FBD-4DBB-44DE-8BA2-E8A7796BD603}.Debug|Any CPU.ActiveCfg = Debug|Any CPU
		{D2B97FBD-4DBB-44DE-8BA2-E8A7796BD603}.Debug|Any CPU.Build.0 = Debug|Any CPU
		{D2B97FBD-4DBB-44DE-8BA2-E8A7796BD603}.Release|Any CPU.ActiveCfg = Release|Any CPU
		{D2B97FBD-4DBB-44DE-8BA2-E8A7796BD603}.Release|Any CPU.Build.0 = Release|Any CPU
		{7AE98C5A-71B1-4952-9D40-D842D6D1FC90}.Debug|Any CPU.ActiveCfg = Debug|Any CPU
		{7AE98C5A-71B1-4952-9D40-D842D6D1FC90}.Debug|Any CPU.Build.0 = Debug|Any CPU
		{7AE98C5A-71B1-4952-9D40-D842D6D1FC90}.Release|Any CPU.ActiveCfg = Release|Any CPU
		{7AE98C5A-71B1-4952-9D40-D842D6D1FC90}.Release|Any CPU.Build.0 = Release|Any CPU
		{DEDC837A-B055-433B-8CB2-4FBA021B3698}.Debug|Any CPU.ActiveCfg = Debug|Any CPU
		{DEDC837A-B055-433B-8CB2-4FBA021B3698}.Debug|Any CPU.Build.0 = Debug|Any CPU
		{DEDC837A-B055-433B-8CB2-4FBA021B3698}.Release|Any CPU.ActiveCfg = Release|Any CPU
		{DEDC837A-B055-433B-8CB2-4FBA021B3698}.Release|Any CPU.Build.0 = Release|Any CPU
		{54B26B58-A1FD-4314-81E1-B48CB6F0439F}.Debug|Any CPU.ActiveCfg = Debug|Any CPU
		{54B26B58-A1FD-4314-81E1-B48CB6F0439F}.Debug|Any CPU.Build.0 = Debug|Any CPU
		{54B26B58-A1FD-4314-81E1-B48CB6F0439F}.Release|Any CPU.ActiveCfg = Release|Any CPU
		{54B26B58-A1FD-4314-81E1-B48CB6F0439F}.Release|Any CPU.Build.0 = Release|Any CPU
		{591C4251-02CE-4658-A99C-471A1E0E1989}.Debug|Any CPU.ActiveCfg = Debug|Any CPU
		{591C4251-02CE-4658-A99C-471A1E0E1989}.Debug|Any CPU.Build.0 = Debug|Any CPU
		{591C4251-02CE-4658-A99C-471A1E0E1989}.Release|Any CPU.ActiveCfg = Release|Any CPU
		{591C4251-02CE-4658-A99C-471A1E0E1989}.Release|Any CPU.Build.0 = Release|Any CPU
		{2D273B5F-017B-4B00-AB40-B6FCB5FC8F31}.Debug|Any CPU.ActiveCfg = Debug|Any CPU
		{2D273B5F-017B-4B00-AB40-B6FCB5FC8F31}.Debug|Any CPU.Build.0 = Debug|Any CPU
		{2D273B5F-017B-4B00-AB40-B6FCB5FC8F31}.Release|Any CPU.ActiveCfg = Release|Any CPU
		{2D273B5F-017B-4B00-AB40-B6FCB5FC8F31}.Release|Any CPU.Build.0 = Release|Any CPU
		{72042AD7-1B5D-4FE1-A703-41F979F04394}.Debug|Any CPU.ActiveCfg = Debug|Any CPU
		{72042AD7-1B5D-4FE1-A703-41F979F04394}.Debug|Any CPU.Build.0 = Debug|Any CPU
		{72042AD7-1B5D-4FE1-A703-41F979F04394}.Release|Any CPU.ActiveCfg = Release|Any CPU
		{72042AD7-1B5D-4FE1-A703-41F979F04394}.Release|Any CPU.Build.0 = Release|Any CPU
		{F1B98841-1E7E-4823-B56C-E44D7374BBF8}.Debug|Any CPU.ActiveCfg = Debug|Any CPU
		{F1B98841-1E7E-4823-B56C-E44D7374BBF8}.Debug|Any CPU.Build.0 = Debug|Any CPU
		{F1B98841-1E7E-4823-B56C-E44D7374BBF8}.Release|Any CPU.ActiveCfg = Release|Any CPU
		{F1B98841-1E7E-4823-B56C-E44D7374BBF8}.Release|Any CPU.Build.0 = Release|Any CPU
		{646E4201-7E18-4436-82A7-C05EDFC9D4C9}.Debug|Any CPU.ActiveCfg = Debug|Any CPU
		{646E4201-7E18-4436-82A7-C05EDFC9D4C9}.Debug|Any CPU.Build.0 = Debug|Any CPU
		{646E4201-7E18-4436-82A7-C05EDFC9D4C9}.Release|Any CPU.ActiveCfg = Release|Any CPU
		{646E4201-7E18-4436-82A7-C05EDFC9D4C9}.Release|Any CPU.Build.0 = Release|Any CPU
		{14EF478C-7D4C-46A3-B166-B4EA537E2909}.Debug|Any CPU.ActiveCfg = Debug|Any CPU
		{14EF478C-7D4C-46A3-B166-B4EA537E2909}.Debug|Any CPU.Build.0 = Debug|Any CPU
		{14EF478C-7D4C-46A3-B166-B4EA537E2909}.Release|Any CPU.ActiveCfg = Release|Any CPU
		{14EF478C-7D4C-46A3-B166-B4EA537E2909}.Release|Any CPU.Build.0 = Release|Any CPU
		{7001423E-E2B1-4851-8167-F2F161C576A1}.Debug|Any CPU.ActiveCfg = Debug|Any CPU
		{7001423E-E2B1-4851-8167-F2F161C576A1}.Debug|Any CPU.Build.0 = Debug|Any CPU
		{7001423E-E2B1-4851-8167-F2F161C576A1}.Release|Any CPU.ActiveCfg = Release|Any CPU
		{7001423E-E2B1-4851-8167-F2F161C576A1}.Release|Any CPU.Build.0 = Release|Any CPU
		{35E7E788-865F-404C-8691-71EBD80EEF05}.Debug|Any CPU.ActiveCfg = Debug|Any CPU
		{35E7E788-865F-404C-8691-71EBD80EEF05}.Debug|Any CPU.Build.0 = Debug|Any CPU
		{35E7E788-865F-404C-8691-71EBD80EEF05}.Release|Any CPU.ActiveCfg = Release|Any CPU
		{35E7E788-865F-404C-8691-71EBD80EEF05}.Release|Any CPU.Build.0 = Release|Any CPU
		{13E234B3-DEB2-4E84-B3C2-4AE8E3FE0AEC}.Debug|Any CPU.ActiveCfg = Debug|Any CPU
		{13E234B3-DEB2-4E84-B3C2-4AE8E3FE0AEC}.Debug|Any CPU.Build.0 = Debug|Any CPU
		{13E234B3-DEB2-4E84-B3C2-4AE8E3FE0AEC}.Release|Any CPU.ActiveCfg = Release|Any CPU
		{13E234B3-DEB2-4E84-B3C2-4AE8E3FE0AEC}.Release|Any CPU.Build.0 = Release|Any CPU
		{BE1B822E-E008-477C-A48A-B50600CB9318}.Debug|Any CPU.ActiveCfg = Debug|Any CPU
		{BE1B822E-E008-477C-A48A-B50600CB9318}.Debug|Any CPU.Build.0 = Debug|Any CPU
		{BE1B822E-E008-477C-A48A-B50600CB9318}.Release|Any CPU.ActiveCfg = Release|Any CPU
		{BE1B822E-E008-477C-A48A-B50600CB9318}.Release|Any CPU.Build.0 = Release|Any CPU
		{F05585E7-6CCA-4C75-8CF4-33AE75A89814}.Debug|Any CPU.ActiveCfg = Debug|Any CPU
		{F05585E7-6CCA-4C75-8CF4-33AE75A89814}.Debug|Any CPU.Build.0 = Debug|Any CPU
		{F05585E7-6CCA-4C75-8CF4-33AE75A89814}.Release|Any CPU.ActiveCfg = Release|Any CPU
		{F05585E7-6CCA-4C75-8CF4-33AE75A89814}.Release|Any CPU.Build.0 = Release|Any CPU
		{C4BF31B2-D5BE-476A-BA2F-8F80D139DD13}.Debug|Any CPU.ActiveCfg = Debug|Any CPU
		{C4BF31B2-D5BE-476A-BA2F-8F80D139DD13}.Debug|Any CPU.Build.0 = Debug|Any CPU
		{C4BF31B2-D5BE-476A-BA2F-8F80D139DD13}.Release|Any CPU.ActiveCfg = Release|Any CPU
		{C4BF31B2-D5BE-476A-BA2F-8F80D139DD13}.Release|Any CPU.Build.0 = Release|Any CPU
		{F1CC823B-155E-4FE8-9DCE-37AD81555FA4}.Debug|Any CPU.ActiveCfg = Debug|Any CPU
		{F1CC823B-155E-4FE8-9DCE-37AD81555FA4}.Debug|Any CPU.Build.0 = Debug|Any CPU
		{F1CC823B-155E-4FE8-9DCE-37AD81555FA4}.Release|Any CPU.ActiveCfg = Release|Any CPU
		{F1CC823B-155E-4FE8-9DCE-37AD81555FA4}.Release|Any CPU.Build.0 = Release|Any CPU
		{B9475357-796E-46A2-8636-5BC59608FE75}.Debug|Any CPU.ActiveCfg = Debug|Any CPU
		{B9475357-796E-46A2-8636-5BC59608FE75}.Debug|Any CPU.Build.0 = Debug|Any CPU
		{B9475357-796E-46A2-8636-5BC59608FE75}.Release|Any CPU.ActiveCfg = Release|Any CPU
		{B9475357-796E-46A2-8636-5BC59608FE75}.Release|Any CPU.Build.0 = Release|Any CPU
		{67C81231-9016-4B49-AC30-B1706D3AEB9A}.Debug|Any CPU.ActiveCfg = Debug|Any CPU
		{67C81231-9016-4B49-AC30-B1706D3AEB9A}.Debug|Any CPU.Build.0 = Debug|Any CPU
		{67C81231-9016-4B49-AC30-B1706D3AEB9A}.Release|Any CPU.ActiveCfg = Release|Any CPU
		{67C81231-9016-4B49-AC30-B1706D3AEB9A}.Release|Any CPU.Build.0 = Release|Any CPU
		{505B713B-B0E7-4D94-B361-47805D1C1F49}.Debug|Any CPU.ActiveCfg = Debug|Any CPU
		{505B713B-B0E7-4D94-B361-47805D1C1F49}.Debug|Any CPU.Build.0 = Debug|Any CPU
		{505B713B-B0E7-4D94-B361-47805D1C1F49}.Release|Any CPU.ActiveCfg = Release|Any CPU
		{505B713B-B0E7-4D94-B361-47805D1C1F49}.Release|Any CPU.Build.0 = Release|Any CPU
		{43E16064-C4AF-4A03-9712-C3BDB5459249}.Debug|Any CPU.ActiveCfg = Debug|Any CPU
		{43E16064-C4AF-4A03-9712-C3BDB5459249}.Debug|Any CPU.Build.0 = Debug|Any CPU
		{43E16064-C4AF-4A03-9712-C3BDB5459249}.Release|Any CPU.ActiveCfg = Release|Any CPU
		{43E16064-C4AF-4A03-9712-C3BDB5459249}.Release|Any CPU.Build.0 = Release|Any CPU
		{0CD71ADD-B890-446E-8C3D-B2D29F980A3D}.Debug|Any CPU.ActiveCfg = Debug|Any CPU
		{0CD71ADD-B890-446E-8C3D-B2D29F980A3D}.Debug|Any CPU.Build.0 = Debug|Any CPU
		{0CD71ADD-B890-446E-8C3D-B2D29F980A3D}.Release|Any CPU.ActiveCfg = Release|Any CPU
		{0CD71ADD-B890-446E-8C3D-B2D29F980A3D}.Release|Any CPU.Build.0 = Release|Any CPU
		{B51E030E-7A5A-42C4-B9BB-FD28AEFFDB8B}.Debug|Any CPU.ActiveCfg = Debug|Any CPU
		{B51E030E-7A5A-42C4-B9BB-FD28AEFFDB8B}.Debug|Any CPU.Build.0 = Debug|Any CPU
		{B51E030E-7A5A-42C4-B9BB-FD28AEFFDB8B}.Release|Any CPU.ActiveCfg = Release|Any CPU
		{B51E030E-7A5A-42C4-B9BB-FD28AEFFDB8B}.Release|Any CPU.Build.0 = Release|Any CPU
		{60632018-5A07-44C6-9750-5E9B724F7ADE}.Debug|Any CPU.ActiveCfg = Debug|Any CPU
		{60632018-5A07-44C6-9750-5E9B724F7ADE}.Debug|Any CPU.Build.0 = Debug|Any CPU
		{60632018-5A07-44C6-9750-5E9B724F7ADE}.Release|Any CPU.ActiveCfg = Release|Any CPU
		{60632018-5A07-44C6-9750-5E9B724F7ADE}.Release|Any CPU.Build.0 = Release|Any CPU
		{BEF1204A-1301-4BB3-AED7-061E21728777}.Debug|Any CPU.ActiveCfg = Debug|Any CPU
		{BEF1204A-1301-4BB3-AED7-061E21728777}.Debug|Any CPU.Build.0 = Debug|Any CPU
		{BEF1204A-1301-4BB3-AED7-061E21728777}.Release|Any CPU.ActiveCfg = Release|Any CPU
		{BEF1204A-1301-4BB3-AED7-061E21728777}.Release|Any CPU.Build.0 = Release|Any CPU
		{48EC5094-3EF0-40AF-B945-5A7433CC3FDF}.Debug|Any CPU.ActiveCfg = Debug|Any CPU
		{48EC5094-3EF0-40AF-B945-5A7433CC3FDF}.Debug|Any CPU.Build.0 = Debug|Any CPU
		{48EC5094-3EF0-40AF-B945-5A7433CC3FDF}.Release|Any CPU.ActiveCfg = Release|Any CPU
		{48EC5094-3EF0-40AF-B945-5A7433CC3FDF}.Release|Any CPU.Build.0 = Release|Any CPU
		{323E2700-E9A4-4B0B-8D43-C5F3F98CFC80}.Debug|Any CPU.ActiveCfg = Debug|Any CPU
		{323E2700-E9A4-4B0B-8D43-C5F3F98CFC80}.Debug|Any CPU.Build.0 = Debug|Any CPU
		{323E2700-E9A4-4B0B-8D43-C5F3F98CFC80}.Release|Any CPU.ActiveCfg = Release|Any CPU
		{323E2700-E9A4-4B0B-8D43-C5F3F98CFC80}.Release|Any CPU.Build.0 = Release|Any CPU
		{39CA6154-5796-4131-910F-EF2DC9CA85CA}.Debug|Any CPU.ActiveCfg = Debug|Any CPU
		{39CA6154-5796-4131-910F-EF2DC9CA85CA}.Debug|Any CPU.Build.0 = Debug|Any CPU
		{39CA6154-5796-4131-910F-EF2DC9CA85CA}.Release|Any CPU.ActiveCfg = Release|Any CPU
		{39CA6154-5796-4131-910F-EF2DC9CA85CA}.Release|Any CPU.Build.0 = Release|Any CPU
		{92BFDA37-5DF1-4DBC-99A8-EED2A8E153F8}.Debug|Any CPU.ActiveCfg = Debug|Any CPU
		{92BFDA37-5DF1-4DBC-99A8-EED2A8E153F8}.Debug|Any CPU.Build.0 = Debug|Any CPU
		{92BFDA37-5DF1-4DBC-99A8-EED2A8E153F8}.Release|Any CPU.ActiveCfg = Release|Any CPU
		{92BFDA37-5DF1-4DBC-99A8-EED2A8E153F8}.Release|Any CPU.Build.0 = Release|Any CPU
		{BCC6EB9F-D997-49D1-8D3D-4232FC2DACAB}.Debug|Any CPU.ActiveCfg = Debug|Any CPU
		{BCC6EB9F-D997-49D1-8D3D-4232FC2DACAB}.Debug|Any CPU.Build.0 = Debug|Any CPU
		{BCC6EB9F-D997-49D1-8D3D-4232FC2DACAB}.Release|Any CPU.ActiveCfg = Release|Any CPU
		{BCC6EB9F-D997-49D1-8D3D-4232FC2DACAB}.Release|Any CPU.Build.0 = Release|Any CPU
		{C4DC2DC4-B95F-4198-BB42-49370F8EFA12}.Debug|Any CPU.ActiveCfg = Debug|Any CPU
		{C4DC2DC4-B95F-4198-BB42-49370F8EFA12}.Debug|Any CPU.Build.0 = Debug|Any CPU
		{C4DC2DC4-B95F-4198-BB42-49370F8EFA12}.Release|Any CPU.ActiveCfg = Release|Any CPU
		{C4DC2DC4-B95F-4198-BB42-49370F8EFA12}.Release|Any CPU.Build.0 = Release|Any CPU
		{436F5477-2D42-4EFF-97A7-B0818B97A947}.Debug|Any CPU.ActiveCfg = Debug|Any CPU
		{436F5477-2D42-4EFF-97A7-B0818B97A947}.Debug|Any CPU.Build.0 = Debug|Any CPU
		{436F5477-2D42-4EFF-97A7-B0818B97A947}.Release|Any CPU.ActiveCfg = Release|Any CPU
		{436F5477-2D42-4EFF-97A7-B0818B97A947}.Release|Any CPU.Build.0 = Release|Any CPU
		{97F569D9-C3BE-4490-9F06-012ECA0F1578}.Debug|Any CPU.ActiveCfg = Debug|Any CPU
		{97F569D9-C3BE-4490-9F06-012ECA0F1578}.Debug|Any CPU.Build.0 = Debug|Any CPU
		{97F569D9-C3BE-4490-9F06-012ECA0F1578}.Release|Any CPU.ActiveCfg = Release|Any CPU
		{97F569D9-C3BE-4490-9F06-012ECA0F1578}.Release|Any CPU.Build.0 = Release|Any CPU
		{7B1F3DF8-30B1-4F41-A842-35757158AC83}.Debug|Any CPU.ActiveCfg = Debug|Any CPU
		{7B1F3DF8-30B1-4F41-A842-35757158AC83}.Debug|Any CPU.Build.0 = Debug|Any CPU
		{7B1F3DF8-30B1-4F41-A842-35757158AC83}.Release|Any CPU.ActiveCfg = Release|Any CPU
		{7B1F3DF8-30B1-4F41-A842-35757158AC83}.Release|Any CPU.Build.0 = Release|Any CPU
		{C9C22D74-56B7-45B5-AC7E-1DE8DCD1B823}.Debug|Any CPU.ActiveCfg = Debug|Any CPU
		{C9C22D74-56B7-45B5-AC7E-1DE8DCD1B823}.Debug|Any CPU.Build.0 = Debug|Any CPU
		{C9C22D74-56B7-45B5-AC7E-1DE8DCD1B823}.Release|Any CPU.ActiveCfg = Release|Any CPU
		{C9C22D74-56B7-45B5-AC7E-1DE8DCD1B823}.Release|Any CPU.Build.0 = Release|Any CPU
		{C273B4C8-7ACD-458E-BA45-F587AE5E96DD}.Debug|Any CPU.ActiveCfg = Debug|Any CPU
		{C273B4C8-7ACD-458E-BA45-F587AE5E96DD}.Debug|Any CPU.Build.0 = Debug|Any CPU
		{C273B4C8-7ACD-458E-BA45-F587AE5E96DD}.Release|Any CPU.ActiveCfg = Release|Any CPU
		{C273B4C8-7ACD-458E-BA45-F587AE5E96DD}.Release|Any CPU.Build.0 = Release|Any CPU
		{47AA9374-9CE0-4347-A488-099F0FD7D126}.Debug|Any CPU.ActiveCfg = Debug|Any CPU
		{47AA9374-9CE0-4347-A488-099F0FD7D126}.Debug|Any CPU.Build.0 = Debug|Any CPU
		{47AA9374-9CE0-4347-A488-099F0FD7D126}.Release|Any CPU.ActiveCfg = Release|Any CPU
		{47AA9374-9CE0-4347-A488-099F0FD7D126}.Release|Any CPU.Build.0 = Release|Any CPU
		{DB4892F1-164D-461B-95EC-D4453C6B7E55}.Debug|Any CPU.ActiveCfg = Debug|Any CPU
		{DB4892F1-164D-461B-95EC-D4453C6B7E55}.Debug|Any CPU.Build.0 = Debug|Any CPU
		{DB4892F1-164D-461B-95EC-D4453C6B7E55}.Release|Any CPU.ActiveCfg = Release|Any CPU
		{DB4892F1-164D-461B-95EC-D4453C6B7E55}.Release|Any CPU.Build.0 = Release|Any CPU
		{E070B963-4FB1-4A32-B8FC-6339B95A00DD}.Debug|Any CPU.ActiveCfg = Debug|Any CPU
		{E070B963-4FB1-4A32-B8FC-6339B95A00DD}.Debug|Any CPU.Build.0 = Debug|Any CPU
		{E070B963-4FB1-4A32-B8FC-6339B95A00DD}.Release|Any CPU.ActiveCfg = Release|Any CPU
		{E070B963-4FB1-4A32-B8FC-6339B95A00DD}.Release|Any CPU.Build.0 = Release|Any CPU
		{82691A9D-6C7A-4EEC-B97E-B4915875931E}.Debug|Any CPU.ActiveCfg = Debug|Any CPU
		{82691A9D-6C7A-4EEC-B97E-B4915875931E}.Debug|Any CPU.Build.0 = Debug|Any CPU
		{82691A9D-6C7A-4EEC-B97E-B4915875931E}.Release|Any CPU.ActiveCfg = Release|Any CPU
		{82691A9D-6C7A-4EEC-B97E-B4915875931E}.Release|Any CPU.Build.0 = Release|Any CPU
		{7A383AEB-BFCB-42CA-8612-A4C350DB831D}.Debug|Any CPU.ActiveCfg = Debug|Any CPU
		{7A383AEB-BFCB-42CA-8612-A4C350DB831D}.Debug|Any CPU.Build.0 = Debug|Any CPU
		{7A383AEB-BFCB-42CA-8612-A4C350DB831D}.Release|Any CPU.ActiveCfg = Release|Any CPU
		{7A383AEB-BFCB-42CA-8612-A4C350DB831D}.Release|Any CPU.Build.0 = Release|Any CPU
		{C2E387AE-F7B9-4BE7-9674-DBBD05A40D11}.Debug|Any CPU.ActiveCfg = Debug|Any CPU
		{C2E387AE-F7B9-4BE7-9674-DBBD05A40D11}.Debug|Any CPU.Build.0 = Debug|Any CPU
		{C2E387AE-F7B9-4BE7-9674-DBBD05A40D11}.Release|Any CPU.ActiveCfg = Release|Any CPU
		{C2E387AE-F7B9-4BE7-9674-DBBD05A40D11}.Release|Any CPU.Build.0 = Release|Any CPU
		{4511C943-4B17-4E76-8D1C-C48C949DBFF0}.Debug|Any CPU.ActiveCfg = Debug|Any CPU
		{4511C943-4B17-4E76-8D1C-C48C949DBFF0}.Debug|Any CPU.Build.0 = Debug|Any CPU
		{4511C943-4B17-4E76-8D1C-C48C949DBFF0}.Release|Any CPU.ActiveCfg = Release|Any CPU
		{4511C943-4B17-4E76-8D1C-C48C949DBFF0}.Release|Any CPU.Build.0 = Release|Any CPU
		{EA55E309-ABAA-48ED-A3E6-C1E9A979225F}.Debug|Any CPU.ActiveCfg = Debug|Any CPU
		{EA55E309-ABAA-48ED-A3E6-C1E9A979225F}.Debug|Any CPU.Build.0 = Debug|Any CPU
		{EA55E309-ABAA-48ED-A3E6-C1E9A979225F}.Release|Any CPU.ActiveCfg = Release|Any CPU
		{EA55E309-ABAA-48ED-A3E6-C1E9A979225F}.Release|Any CPU.Build.0 = Release|Any CPU
		{9D3828D0-134D-4AF0-9C3A-60DA6800764D}.Debug|Any CPU.ActiveCfg = Debug|Any CPU
		{9D3828D0-134D-4AF0-9C3A-60DA6800764D}.Debug|Any CPU.Build.0 = Debug|Any CPU
		{9D3828D0-134D-4AF0-9C3A-60DA6800764D}.Release|Any CPU.ActiveCfg = Release|Any CPU
		{9D3828D0-134D-4AF0-9C3A-60DA6800764D}.Release|Any CPU.Build.0 = Release|Any CPU
		{CE1D7F3B-F367-478F-B494-04DE687DC41F}.Debug|Any CPU.ActiveCfg = Debug|Any CPU
		{CE1D7F3B-F367-478F-B494-04DE687DC41F}.Debug|Any CPU.Build.0 = Debug|Any CPU
		{CE1D7F3B-F367-478F-B494-04DE687DC41F}.Release|Any CPU.ActiveCfg = Release|Any CPU
		{CE1D7F3B-F367-478F-B494-04DE687DC41F}.Release|Any CPU.Build.0 = Release|Any CPU
		{9D0D3D8E-C100-4665-9AAB-A6284862CE80}.Debug|Any CPU.ActiveCfg = Debug|Any CPU
		{9D0D3D8E-C100-4665-9AAB-A6284862CE80}.Debug|Any CPU.Build.0 = Debug|Any CPU
		{9D0D3D8E-C100-4665-9AAB-A6284862CE80}.Release|Any CPU.ActiveCfg = Release|Any CPU
		{9D0D3D8E-C100-4665-9AAB-A6284862CE80}.Release|Any CPU.Build.0 = Release|Any CPU
	EndGlobalSection
	GlobalSection(SolutionProperties) = preSolution
		HideSolutionNode = FALSE
	EndGlobalSection
	GlobalSection(NestedProjects) = preSolution
		{A77D9CEB-884F-429E-9FCE-35C3B6F7C231} = {A95D34CE-92A4-4206-84F6-37647FAB27DD}
		{E62CC696-4AAD-4E96-9F87-2F0FDFC6886C} = {5526F98E-4654-4B96-B693-CDBC11A9D200}
		{15BD9876-2E1C-498B-B284-D0EEF50E40E0} = {4FC046CF-8B05-49BE-881E-DED7AD30C599}
		{8564F421-AF4A-4CF4-9873-EDD3FA86119E} = {FC3C840F-D7D9-45A4-8A09-11DC0F099955}
		{7C06CBC6-C68C-4A3E-B381-7904161FE7B2} = {4FC046CF-8B05-49BE-881E-DED7AD30C599}
		{0CB6CFF4-2C1E-4909-96DA-46C9C865AC96} = {FC3C840F-D7D9-45A4-8A09-11DC0F099955}
		{F2473EBD-BD0E-447C-A6CF-33DCD21BE0A0} = {4FC046CF-8B05-49BE-881E-DED7AD30C599}
		{C2876E96-9C9E-4C76-A27C-7123166AABE0} = {FC3C840F-D7D9-45A4-8A09-11DC0F099955}
		{F628509D-283A-44C3-8D60-7C423550E723} = {3981966C-562B-4DF4-BA0D-300BD16CE0D2}
		{D63B0E88-FE3B-4567-AC97-1AFB466F9185} = {F628509D-283A-44C3-8D60-7C423550E723}
		{DDE7961A-FC5B-4A12-9C31-FC8B4F6A51DD} = {F628509D-283A-44C3-8D60-7C423550E723}
		{D502ABDD-F860-45CE-B978-AD22C81C54D2} = {F628509D-283A-44C3-8D60-7C423550E723}
		{0AB6E5B1-7909-4D0F-9D3C-B73BF90DF2F2} = {F628509D-283A-44C3-8D60-7C423550E723}
		{B5CEF173-9AD8-41B1-B78B-18775171D79B} = {F628509D-283A-44C3-8D60-7C423550E723}
		{E0DBF645-E675-479D-A7B6-42D7EA3678E0} = {F628509D-283A-44C3-8D60-7C423550E723}
		{F5D53C15-7F33-47FA-BFDD-EE87A429A381} = {F628509D-283A-44C3-8D60-7C423550E723}
		{816BEF32-10BD-40C3-94E4-37AE2F861FE6} = {F628509D-283A-44C3-8D60-7C423550E723}
		{47888F16-9CAB-4646-8946-775B2D2BF1C5} = {F628509D-283A-44C3-8D60-7C423550E723}
		{B2362A23-1A0B-4454-92B3-F610D345C61F} = {F628509D-283A-44C3-8D60-7C423550E723}
		{B8876930-B0C4-4AA5-ADB6-FE9DB4B8FF13} = {F628509D-283A-44C3-8D60-7C423550E723}
		{D2B97FBD-4DBB-44DE-8BA2-E8A7796BD603} = {F628509D-283A-44C3-8D60-7C423550E723}
		{7AE98C5A-71B1-4952-9D40-D842D6D1FC90} = {F628509D-283A-44C3-8D60-7C423550E723}
		{DEDC837A-B055-433B-8CB2-4FBA021B3698} = {F628509D-283A-44C3-8D60-7C423550E723}
		{54B26B58-A1FD-4314-81E1-B48CB6F0439F} = {F628509D-283A-44C3-8D60-7C423550E723}
		{591C4251-02CE-4658-A99C-471A1E0E1989} = {F628509D-283A-44C3-8D60-7C423550E723}
		{2D273B5F-017B-4B00-AB40-B6FCB5FC8F31} = {F628509D-283A-44C3-8D60-7C423550E723}
		{72042AD7-1B5D-4FE1-A703-41F979F04394} = {F628509D-283A-44C3-8D60-7C423550E723}
		{F1B98841-1E7E-4823-B56C-E44D7374BBF8} = {F628509D-283A-44C3-8D60-7C423550E723}
		{646E4201-7E18-4436-82A7-C05EDFC9D4C9} = {F628509D-283A-44C3-8D60-7C423550E723}
		{14EF478C-7D4C-46A3-B166-B4EA537E2909} = {F628509D-283A-44C3-8D60-7C423550E723}
		{7001423E-E2B1-4851-8167-F2F161C576A1} = {F628509D-283A-44C3-8D60-7C423550E723}
		{35E7E788-865F-404C-8691-71EBD80EEF05} = {F628509D-283A-44C3-8D60-7C423550E723}
		{13E234B3-DEB2-4E84-B3C2-4AE8E3FE0AEC} = {F628509D-283A-44C3-8D60-7C423550E723}
		{BE1B822E-E008-477C-A48A-B50600CB9318} = {F628509D-283A-44C3-8D60-7C423550E723}
		{F05585E7-6CCA-4C75-8CF4-33AE75A89814} = {F628509D-283A-44C3-8D60-7C423550E723}
		{C4BF31B2-D5BE-476A-BA2F-8F80D139DD13} = {F628509D-283A-44C3-8D60-7C423550E723}
		{F1CC823B-155E-4FE8-9DCE-37AD81555FA4} = {F628509D-283A-44C3-8D60-7C423550E723}
		{B9475357-796E-46A2-8636-5BC59608FE75} = {F628509D-283A-44C3-8D60-7C423550E723}
		{67C81231-9016-4B49-AC30-B1706D3AEB9A} = {F628509D-283A-44C3-8D60-7C423550E723}
		{505B713B-B0E7-4D94-B361-47805D1C1F49} = {F628509D-283A-44C3-8D60-7C423550E723}
		{4021C172-1350-4018-8B3A-40FE703B5449} = {3981966C-562B-4DF4-BA0D-300BD16CE0D2}
		{89A1CAA9-05BA-4473-8E7C-4777531CBCFD} = {4021C172-1350-4018-8B3A-40FE703B5449}
		{43E16064-C4AF-4A03-9712-C3BDB5459249} = {89A1CAA9-05BA-4473-8E7C-4777531CBCFD}
		{0CD71ADD-B890-446E-8C3D-B2D29F980A3D} = {89A1CAA9-05BA-4473-8E7C-4777531CBCFD}
		{5D1E9822-EA95-4643-967A-80AA229CE766} = {3981966C-562B-4DF4-BA0D-300BD16CE0D2}
		{B51E030E-7A5A-42C4-B9BB-FD28AEFFDB8B} = {5D1E9822-EA95-4643-967A-80AA229CE766}
		{60632018-5A07-44C6-9750-5E9B724F7ADE} = {F628509D-283A-44C3-8D60-7C423550E723}
		{BEF1204A-1301-4BB3-AED7-061E21728777} = {F628509D-283A-44C3-8D60-7C423550E723}
		{B575DEB2-AF98-489C-8340-905D31622E6D} = {3981966C-562B-4DF4-BA0D-300BD16CE0D2}
		{48EC5094-3EF0-40AF-B945-5A7433CC3FDF} = {B575DEB2-AF98-489C-8340-905D31622E6D}
		{323E2700-E9A4-4B0B-8D43-C5F3F98CFC80} = {F628509D-283A-44C3-8D60-7C423550E723}
		{39CA6154-5796-4131-910F-EF2DC9CA85CA} = {10848AA4-228E-44F3-B9FE-D3B6DAF585B8}
		{057A26EC-BDF8-4114-A06B-6079E3D7D110} = {4FC046CF-8B05-49BE-881E-DED7AD30C599}
		{92BFDA37-5DF1-4DBC-99A8-EED2A8E153F8} = {057A26EC-BDF8-4114-A06B-6079E3D7D110}
		{B9AF328A-A517-4EFA-B77B-092F7C2B2242} = {FC3C840F-D7D9-45A4-8A09-11DC0F099955}
		{BCC6EB9F-D997-49D1-8D3D-4232FC2DACAB} = {B9AF328A-A517-4EFA-B77B-092F7C2B2242}
		{C4DC2DC4-B95F-4198-BB42-49370F8EFA12} = {4FC046CF-8B05-49BE-881E-DED7AD30C599}
		{436F5477-2D42-4EFF-97A7-B0818B97A947} = {FC3C840F-D7D9-45A4-8A09-11DC0F099955}
		{97F569D9-C3BE-4490-9F06-012ECA0F1578} = {057A26EC-BDF8-4114-A06B-6079E3D7D110}
		{7B1F3DF8-30B1-4F41-A842-35757158AC83} = {B9AF328A-A517-4EFA-B77B-092F7C2B2242}
		{C9C22D74-56B7-45B5-AC7E-1DE8DCD1B823} = {057A26EC-BDF8-4114-A06B-6079E3D7D110}
		{C273B4C8-7ACD-458E-BA45-F587AE5E96DD} = {B9AF328A-A517-4EFA-B77B-092F7C2B2242}
		{47AA9374-9CE0-4347-A488-099F0FD7D126} = {5526F98E-4654-4B96-B693-CDBC11A9D200}
		{DB4892F1-164D-461B-95EC-D4453C6B7E55} = {4FC046CF-8B05-49BE-881E-DED7AD30C599}
		{E070B963-4FB1-4A32-B8FC-6339B95A00DD} = {FC3C840F-D7D9-45A4-8A09-11DC0F099955}
		{82691A9D-6C7A-4EEC-B97E-B4915875931E} = {057A26EC-BDF8-4114-A06B-6079E3D7D110}
		{7A383AEB-BFCB-42CA-8612-A4C350DB831D} = {B9AF328A-A517-4EFA-B77B-092F7C2B2242}
		{C2E387AE-F7B9-4BE7-9674-DBBD05A40D11} = {5526F98E-4654-4B96-B693-CDBC11A9D200}
		{4511C943-4B17-4E76-8D1C-C48C949DBFF0} = {F628509D-283A-44C3-8D60-7C423550E723}
		{858AC95E-415E-4B57-8275-05F824C86C88} = {3981966C-562B-4DF4-BA0D-300BD16CE0D2}
		{EA55E309-ABAA-48ED-A3E6-C1E9A979225F} = {858AC95E-415E-4B57-8275-05F824C86C88}
		{9D3828D0-134D-4AF0-9C3A-60DA6800764D} = {729F524A-814C-4152-86B2-F25782166733}
		{CE1D7F3B-F367-478F-B494-04DE687DC41F} = {729F524A-814C-4152-86B2-F25782166733}
		{9D0D3D8E-C100-4665-9AAB-A6284862CE80} = {F628509D-283A-44C3-8D60-7C423550E723}
	EndGlobalSection
	GlobalSection(ExtensibilityGlobals) = postSolution
		SolutionGuid = {B9B0A288-B6A0-4629-B3A6-209264BE4E40}
	EndGlobalSection
EndGlobal
